<?xml version="1.0" encoding="utf-8"?>
<Project ToolsVersion="4.0" xmlns="http://schemas.microsoft.com/developer/msbuild/2003">
  <ItemGroup>
    <Filter Include="Source Files">
      <UniqueIdentifier>{4FC737F1-C7A5-4376-A066-2A32D752A2FF}</UniqueIdentifier>
      <Extensions>cpp;c;cc;cxx;c++;cppm;ixx;def;odl;idl;hpj;bat;asm;asmx</Extensions>
    </Filter>
    <Filter Include="Header Files">
      <UniqueIdentifier>{93995380-89BD-4b04-88EB-625FBE52EBFB}</UniqueIdentifier>
      <Extensions>h;hh;hpp;hxx;h++;hm;inl;inc;ipp;xsd</Extensions>
    </Filter>
    <Filter Include="Resource Files">
      <UniqueIdentifier>{67DA6AB6-F800-4c08-8B7A-83BB121AAD01}</UniqueIdentifier>
      <Extensions>rc;ico;cur;bmp;dlg;rc2;rct;bin;rgs;gif;jpg;jpeg;jpe;resx;tiff;tif;png;wav;mfcribbon-ms</Extensions>
    </Filter>
    <Filter Include="Data Structures">
      <UniqueIdentifier>{3934b994-9988-44e3-a801-4f1a6cd2b2f4}</UniqueIdentifier>
    </Filter>
    <Filter Include="Data Structures\Stack">
      <UniqueIdentifier>{dfdb2476-5adf-4388-9b1d-62b09cc6c5e6}</UniqueIdentifier>
    </Filter>
    <Filter Include="Data Structures\Queue">
      <UniqueIdentifier>{4097c2bb-1807-4030-bbc3-67fde30488d9}</UniqueIdentifier>
    </Filter>
    <Filter Include="Data Structures\PriQueue">
      <UniqueIdentifier>{62995d0c-6ef2-4493-aba6-7b05faa016c5}</UniqueIdentifier>
    </Filter>
  </ItemGroup>
  <ItemGroup>
    <ClInclude Include="Data Structures\Stack\StackADT.h">
      <Filter>Data Structures\Stack</Filter>
    </ClInclude>
    <ClInclude Include="Data Structures\Stack\ArrayStack.h">
      <Filter>Data Structures\Stack</Filter>
    </ClInclude>
    <ClInclude Include="Data Structures\Queue\Node.h">
      <Filter>Data Structures\Queue</Filter>
    </ClInclude>
    <ClInclude Include="Data Structures\Queue\LinkedQueue.h">
      <Filter>Data Structures\Queue</Filter>
    </ClInclude>
    <ClInclude Include="Data Structures\Queue\QueueADT.h">
      <Filter>Data Structures\Queue</Filter>
    </ClInclude>
    <ClInclude Include="Data Structures\PriQueue\priQueue.h">
      <Filter>Data Structures\PriQueue</Filter>
    </ClInclude>
    <ClInclude Include="Data Structures\PriQueue\priNode.h">
      <Filter>Data Structures\PriQueue</Filter>
    </ClInclude>
    <ClInclude Include="Classes\Organiser.h">
      <Filter>Header Files</Filter>
    </ClInclude>
    <ClInclude Include="Classes\Car.h">
      <Filter>Header Files</Filter>
    </ClInclude>
    <ClInclude Include="Classes\Request.h">
      <Filter>Header Files</Filter>
    </ClInclude>
    <ClInclude Include="Classes\Hospital.h">
      <Filter>Header Files</Filter>
    </ClInclude>
    <ClInclude Include="Classes\UI.h">
      <Filter>Header Files</Filter>
    </ClInclude>

    <ClInclude Include="Functions\ReadInput.h">
      <Filter>Header Files</Filter>

    <ClInclude Include="Data Structures\LeavablePriQueue\LeavablePriQueue.h">
      <Filter>Header Files</Filter>
    </ClInclude>
  </ItemGroup>
  <ItemGroup>
    <ClCompile Include="Classes\Organiser.cpp">
      <Filter>Source Files</Filter>
    </ClCompile>
    <ClCompile Include="Classes\Car.cpp">
      <Filter>Source Files</Filter>
    </ClCompile>
    <ClCompile Include="Classes\Request.cpp">
      <Filter>Source Files</Filter>
    </ClCompile>
    <ClCompile Include="Classes\Hospital.cpp">
      <Filter>Source Files</Filter>
    </ClCompile>
    <ClCompile Include="main.cpp">
      <Filter>Source Files</Filter>
    </ClCompile>
    <ClCompile Include="Classes\UI.cpp">
      <Filter>Source Files</Filter>
    </ClCompile>
    <ClCompile Include="Functions\ReadFile.cpp">
      <Filter>Source Files</Filter>
    </ClCompile>
    <ClCompile Include="Data Structures\LeavablePriQueue\LeavablePriQueue.cpp">
      <Filter>Source Files</Filter>
    </ClCompile>
  </ItemGroup>
</Project>